// !$*UTF8*$!
{
	archiveVersion = 1;
	classes = {
	};
	objectVersion = 55;
	objects = {

/* Begin PBXBuildFile section */
		3D80A4AB2962F4560061D36F /* TabBarViewController.swift in Sources */ = {isa = PBXBuildFile; fileRef = 3D80A4AA2962F4560061D36F /* TabBarViewController.swift */; };
		3D80A4AD2962F4D90061D36F /* HomeScreen.swift in Sources */ = {isa = PBXBuildFile; fileRef = 3D80A4AC2962F4D90061D36F /* HomeScreen.swift */; };
		3D80A4AF2962F7A50061D36F /* MoviePosterTableViewCell.swift in Sources */ = {isa = PBXBuildFile; fileRef = 3D80A4AE2962F7A50061D36F /* MoviePosterTableViewCell.swift */; };
		D2766742295ACF3700D4276D /* AppDelegate.swift in Sources */ = {isa = PBXBuildFile; fileRef = D2766741295ACF3700D4276D /* AppDelegate.swift */; };
		D2766744295ACF3700D4276D /* SceneDelegate.swift in Sources */ = {isa = PBXBuildFile; fileRef = D2766743295ACF3700D4276D /* SceneDelegate.swift */; };
		D2766746295ACF3700D4276D /* AccountController.swift in Sources */ = {isa = PBXBuildFile; fileRef = D2766745295ACF3700D4276D /* AccountController.swift */; };
		D2766749295ACF3700D4276D /* Main.storyboard in Resources */ = {isa = PBXBuildFile; fileRef = D2766747295ACF3700D4276D /* Main.storyboard */; };
		D276674B295ACF3800D4276D /* Assets.xcassets in Resources */ = {isa = PBXBuildFile; fileRef = D276674A295ACF3800D4276D /* Assets.xcassets */; };
		D276674E295ACF3800D4276D /* LaunchScreen.storyboard in Resources */ = {isa = PBXBuildFile; fileRef = D276674C295ACF3800D4276D /* LaunchScreen.storyboard */; };
		D2766756295ADBED00D4276D /* AccountCell.swift in Sources */ = {isa = PBXBuildFile; fileRef = D2766755295ADBED00D4276D /* AccountCell.swift */; };
		D2C000E12964439F00070BE9 /* ContentDetailsController.swift in Sources */ = {isa = PBXBuildFile; fileRef = D2C000E02964439F00070BE9 /* ContentDetailsController.swift */; };
		D2C000E32964442A00070BE9 /* FirstCollection.swift in Sources */ = {isa = PBXBuildFile; fileRef = D2C000E22964442A00070BE9 /* FirstCollection.swift */; };
/* End PBXBuildFile section */

/* Begin PBXFileReference section */
		3D80A4AA2962F4560061D36F /* TabBarViewController.swift */ = {isa = PBXFileReference; lastKnownFileType = sourcecode.swift; path = TabBarViewController.swift; sourceTree = "<group>"; };
		3D80A4AC2962F4D90061D36F /* HomeScreen.swift */ = {isa = PBXFileReference; lastKnownFileType = sourcecode.swift; path = HomeScreen.swift; sourceTree = "<group>"; };
		3D80A4AE2962F7A50061D36F /* MoviePosterTableViewCell.swift */ = {isa = PBXFileReference; lastKnownFileType = sourcecode.swift; path = MoviePosterTableViewCell.swift; sourceTree = "<group>"; };
		D276673E295ACF3700D4276D /* PlayHouse.app */ = {isa = PBXFileReference; explicitFileType = wrapper.application; includeInIndex = 0; path = PlayHouse.app; sourceTree = BUILT_PRODUCTS_DIR; };
		D2766741295ACF3700D4276D /* AppDelegate.swift */ = {isa = PBXFileReference; lastKnownFileType = sourcecode.swift; path = AppDelegate.swift; sourceTree = "<group>"; };
		D2766743295ACF3700D4276D /* SceneDelegate.swift */ = {isa = PBXFileReference; lastKnownFileType = sourcecode.swift; path = SceneDelegate.swift; sourceTree = "<group>"; };
		D2766745295ACF3700D4276D /* AccountController.swift */ = {isa = PBXFileReference; lastKnownFileType = sourcecode.swift; path = AccountController.swift; sourceTree = "<group>"; };
		D2766748295ACF3700D4276D /* Base */ = {isa = PBXFileReference; lastKnownFileType = file.storyboard; name = Base; path = Base.lproj/Main.storyboard; sourceTree = "<group>"; };
		D276674A295ACF3800D4276D /* Assets.xcassets */ = {isa = PBXFileReference; lastKnownFileType = folder.assetcatalog; path = Assets.xcassets; sourceTree = "<group>"; };
		D276674D295ACF3800D4276D /* Base */ = {isa = PBXFileReference; lastKnownFileType = file.storyboard; name = Base; path = Base.lproj/LaunchScreen.storyboard; sourceTree = "<group>"; };
		D276674F295ACF3800D4276D /* Info.plist */ = {isa = PBXFileReference; lastKnownFileType = text.plist.xml; path = Info.plist; sourceTree = "<group>"; };
		D2766755295ADBED00D4276D /* AccountCell.swift */ = {isa = PBXFileReference; lastKnownFileType = sourcecode.swift; path = AccountCell.swift; sourceTree = "<group>"; };
		D2C000E02964439F00070BE9 /* ContentDetailsController.swift */ = {isa = PBXFileReference; lastKnownFileType = sourcecode.swift; path = ContentDetailsController.swift; sourceTree = "<group>"; };
		D2C000E22964442A00070BE9 /* FirstCollection.swift */ = {isa = PBXFileReference; fileEncoding = 4; lastKnownFileType = sourcecode.swift; path = FirstCollection.swift; sourceTree = "<group>"; };
/* End PBXFileReference section */

/* Begin PBXFrameworksBuildPhase section */
		D276673B295ACF3700D4276D /* Frameworks */ = {
			isa = PBXFrameworksBuildPhase;
			buildActionMask = 2147483647;
			files = (
			);
			runOnlyForDeploymentPostprocessing = 0;
		};
/* End PBXFrameworksBuildPhase section */

/* Begin PBXGroup section */
		D2766735295ACF3700D4276D = {
			isa = PBXGroup;
			children = (
				D2766740295ACF3700D4276D /* PlayHouse */,
				D276673F295ACF3700D4276D /* Products */,
			);
			sourceTree = "<group>";
		};
		D276673F295ACF3700D4276D /* Products */ = {
			isa = PBXGroup;
			children = (
				D276673E295ACF3700D4276D /* PlayHouse.app */,
			);
			name = Products;
			sourceTree = "<group>";
		};
		D2766740295ACF3700D4276D /* PlayHouse */ = {
			isa = PBXGroup;
			children = (
				D2766741295ACF3700D4276D /* AppDelegate.swift */,
				D2766743295ACF3700D4276D /* SceneDelegate.swift */,
				D2766745295ACF3700D4276D /* AccountController.swift */,
				D2C000E02964439F00070BE9 /* ContentDetailsController.swift */,
				3D80A4AE2962F7A50061D36F /* MoviePosterTableViewCell.swift */,
				3D80A4AA2962F4560061D36F /* TabBarViewController.swift */,
				3D80A4AC2962F4D90061D36F /* HomeScreen.swift */,
				D2766755295ADBED00D4276D /* AccountCell.swift */,
				D2C000E22964442A00070BE9 /* FirstCollection.swift */,
				D2766747295ACF3700D4276D /* Main.storyboard */,
				D276674A295ACF3800D4276D /* Assets.xcassets */,
				D276674C295ACF3800D4276D /* LaunchScreen.storyboard */,
				D276674F295ACF3800D4276D /* Info.plist */,
			);
			path = PlayHouse;
			sourceTree = "<group>";
		};
/* End PBXGroup section */

/* Begin PBXNativeTarget section */
		D276673D295ACF3700D4276D /* PlayHouse */ = {
			isa = PBXNativeTarget;
			buildConfigurationList = D2766752295ACF3800D4276D /* Build configuration list for PBXNativeTarget "PlayHouse" */;
			buildPhases = (
				D276673A295ACF3700D4276D /* Sources */,
				D276673B295ACF3700D4276D /* Frameworks */,
				D276673C295ACF3700D4276D /* Resources */,
			);
			buildRules = (
			);
			dependencies = (
			);
			name = PlayHouse;
			productName = PlayHouse;
			productReference = D276673E295ACF3700D4276D /* PlayHouse.app */;
			productType = "com.apple.product-type.application";
		};
/* End PBXNativeTarget section */

/* Begin PBXProject section */
		D2766736295ACF3700D4276D /* Project object */ = {
			isa = PBXProject;
			attributes = {
				BuildIndependentTargetsInParallel = 1;
				LastSwiftUpdateCheck = 1340;
				LastUpgradeCheck = 1340;
				TargetAttributes = {
					D276673D295ACF3700D4276D = {
						CreatedOnToolsVersion = 13.4.1;
					};
				};
			};
			buildConfigurationList = D2766739295ACF3700D4276D /* Build configuration list for PBXProject "PlayHouse" */;
			compatibilityVersion = "Xcode 13.0";
			developmentRegion = en;
			hasScannedForEncodings = 0;
			knownRegions = (
				en,
				Base,
			);
			mainGroup = D2766735295ACF3700D4276D;
			productRefGroup = D276673F295ACF3700D4276D /* Products */;
			projectDirPath = "";
			projectRoot = "";
			targets = (
				D276673D295ACF3700D4276D /* PlayHouse */,
			);
		};
/* End PBXProject section */

/* Begin PBXResourcesBuildPhase section */
		D276673C295ACF3700D4276D /* Resources */ = {
			isa = PBXResourcesBuildPhase;
			buildActionMask = 2147483647;
			files = (
				D276674E295ACF3800D4276D /* LaunchScreen.storyboard in Resources */,
				D276674B295ACF3800D4276D /* Assets.xcassets in Resources */,
				D2766749295ACF3700D4276D /* Main.storyboard in Resources */,
			);
			runOnlyForDeploymentPostprocessing = 0;
		};
/* End PBXResourcesBuildPhase section */

/* Begin PBXSourcesBuildPhase section */
		D276673A295ACF3700D4276D /* Sources */ = {
			isa = PBXSourcesBuildPhase;
			buildActionMask = 2147483647;
			files = (
				D2766746295ACF3700D4276D /* AccountController.swift in Sources */,
				D2766756295ADBED00D4276D /* AccountCell.swift in Sources */,
				3D80A4AD2962F4D90061D36F /* HomeScreen.swift in Sources */,
				D2766742295ACF3700D4276D /* AppDelegate.swift in Sources */,
				3D80A4AF2962F7A50061D36F /* MoviePosterTableViewCell.swift in Sources */,
				D2C000E32964442A00070BE9 /* FirstCollection.swift in Sources */,
				3D80A4AB2962F4560061D36F /* TabBarViewController.swift in Sources */,
				D2C000E12964439F00070BE9 /* ContentDetailsController.swift in Sources */,
				D2766744295ACF3700D4276D /* SceneDelegate.swift in Sources */,
			);
			runOnlyForDeploymentPostprocessing = 0;
		};
/* End PBXSourcesBuildPhase section */

/* Begin PBXVariantGroup section */
		D2766747295ACF3700D4276D /* Main.storyboard */ = {
			isa = PBXVariantGroup;
			children = (
				D2766748295ACF3700D4276D /* Base */,
			);
			name = Main.storyboard;
			sourceTree = "<group>";
		};
		D276674C295ACF3800D4276D /* LaunchScreen.storyboard */ = {
			isa = PBXVariantGroup;
			children = (
				D276674D295ACF3800D4276D /* Base */,
			);
			name = LaunchScreen.storyboard;
			sourceTree = "<group>";
		};
/* End PBXVariantGroup section */

/* Begin XCBuildConfiguration section */
		D2766750295ACF3800D4276D /* Debug */ = {
			isa = XCBuildConfiguration;
			buildSettings = {
				ALWAYS_SEARCH_USER_PATHS = NO;
				CLANG_ANALYZER_NONNULL = YES;
				CLANG_ANALYZER_NUMBER_OBJECT_CONVERSION = YES_AGGRESSIVE;
				CLANG_CXX_LANGUAGE_STANDARD = "gnu++17";
				CLANG_ENABLE_MODULES = YES;
				CLANG_ENABLE_OBJC_ARC = YES;
				CLANG_ENABLE_OBJC_WEAK = YES;
				CLANG_WARN_BLOCK_CAPTURE_AUTORELEASING = YES;
				CLANG_WARN_BOOL_CONVERSION = YES;
				CLANG_WARN_COMMA = YES;
				CLANG_WARN_CONSTANT_CONVERSION = YES;
				CLANG_WARN_DEPRECATED_OBJC_IMPLEMENTATIONS = YES;
				CLANG_WARN_DIRECT_OBJC_ISA_USAGE = YES_ERROR;
				CLANG_WARN_DOCUMENTATION_COMMENTS = YES;
				CLANG_WARN_EMPTY_BODY = YES;
				CLANG_WARN_ENUM_CONVERSION = YES;
				CLANG_WARN_INFINITE_RECURSION = YES;
				CLANG_WARN_INT_CONVERSION = YES;
				CLANG_WARN_NON_LITERAL_NULL_CONVERSION = YES;
				CLANG_WARN_OBJC_IMPLICIT_RETAIN_SELF = YES;
				CLANG_WARN_OBJC_LITERAL_CONVERSION = YES;
				CLANG_WARN_OBJC_ROOT_CLASS = YES_ERROR;
				CLANG_WARN_QUOTED_INCLUDE_IN_FRAMEWORK_HEADER = YES;
				CLANG_WARN_RANGE_LOOP_ANALYSIS = YES;
				CLANG_WARN_STRICT_PROTOTYPES = YES;
				CLANG_WARN_SUSPICIOUS_MOVE = YES;
				CLANG_WARN_UNGUARDED_AVAILABILITY = YES_AGGRESSIVE;
				CLANG_WARN_UNREACHABLE_CODE = YES;
				CLANG_WARN__DUPLICATE_METHOD_MATCH = YES;
				COPY_PHASE_STRIP = NO;
				DEBUG_INFORMATION_FORMAT = dwarf;
				ENABLE_STRICT_OBJC_MSGSEND = YES;
				ENABLE_TESTABILITY = YES;
				GCC_C_LANGUAGE_STANDARD = gnu11;
				GCC_DYNAMIC_NO_PIC = NO;
				GCC_NO_COMMON_BLOCKS = YES;
				GCC_OPTIMIZATION_LEVEL = 0;
				GCC_PREPROCESSOR_DEFINITIONS = (
					"DEBUG=1",
					"$(inherited)",
				);
				GCC_WARN_64_TO_32_BIT_CONVERSION = YES;
				GCC_WARN_ABOUT_RETURN_TYPE = YES_ERROR;
				GCC_WARN_UNDECLARED_SELECTOR = YES;
				GCC_WARN_UNINITIALIZED_AUTOS = YES_AGGRESSIVE;
				GCC_WARN_UNUSED_FUNCTION = YES;
				GCC_WARN_UNUSED_VARIABLE = YES;
				IPHONEOS_DEPLOYMENT_TARGET = 15.5;
				MTL_ENABLE_DEBUG_INFO = INCLUDE_SOURCE;
				MTL_FAST_MATH = YES;
				ONLY_ACTIVE_ARCH = YES;
				SDKROOT = iphoneos;
				SWIFT_ACTIVE_COMPILATION_CONDITIONS = DEBUG;
				SWIFT_OPTIMIZATION_LEVEL = "-Onone";
			};
			name = Debug;
		};
		D2766751295ACF3800D4276D /* Release */ = {
			isa = XCBuildConfiguration;
			buildSettings = {
				ALWAYS_SEARCH_USER_PATHS = NO;
				CLANG_ANALYZER_NONNULL = YES;
				CLANG_ANALYZER_NUMBER_OBJECT_CONVERSION = YES_AGGRESSIVE;
				CLANG_CXX_LANGUAGE_STANDARD = "gnu++17";
				CLANG_ENABLE_MODULES = YES;
				CLANG_ENABLE_OBJC_ARC = YES;
				CLANG_ENABLE_OBJC_WEAK = YES;
				CLANG_WARN_BLOCK_CAPTURE_AUTORELEASING = YES;
				CLANG_WARN_BOOL_CONVERSION = YES;
				CLANG_WARN_COMMA = YES;
				CLANG_WARN_CONSTANT_CONVERSION = YES;
				CLANG_WARN_DEPRECATED_OBJC_IMPLEMENTATIONS = YES;
				CLANG_WARN_DIRECT_OBJC_ISA_USAGE = YES_ERROR;
				CLANG_WARN_DOCUMENTATION_COMMENTS = YES;
				CLANG_WARN_EMPTY_BODY = YES;
				CLANG_WARN_ENUM_CONVERSION = YES;
				CLANG_WARN_INFINITE_RECURSION = YES;
				CLANG_WARN_INT_CONVERSION = YES;
				CLANG_WARN_NON_LITERAL_NULL_CONVERSION = YES;
				CLANG_WARN_OBJC_IMPLICIT_RETAIN_SELF = YES;
				CLANG_WARN_OBJC_LITERAL_CONVERSION = YES;
				CLANG_WARN_OBJC_ROOT_CLASS = YES_ERROR;
				CLANG_WARN_QUOTED_INCLUDE_IN_FRAMEWORK_HEADER = YES;
				CLANG_WARN_RANGE_LOOP_ANALYSIS = YES;
				CLANG_WARN_STRICT_PROTOTYPES = YES;
				CLANG_WARN_SUSPICIOUS_MOVE = YES;
				CLANG_WARN_UNGUARDED_AVAILABILITY = YES_AGGRESSIVE;
				CLANG_WARN_UNREACHABLE_CODE = YES;
				CLANG_WARN__DUPLICATE_METHOD_MATCH = YES;
				COPY_PHASE_STRIP = NO;
				DEBUG_INFORMATION_FORMAT = "dwarf-with-dsym";
				ENABLE_NS_ASSERTIONS = NO;
				ENABLE_STRICT_OBJC_MSGSEND = YES;
				GCC_C_LANGUAGE_STANDARD = gnu11;
				GCC_NO_COMMON_BLOCKS = YES;
				GCC_WARN_64_TO_32_BIT_CONVERSION = YES;
				GCC_WARN_ABOUT_RETURN_TYPE = YES_ERROR;
				GCC_WARN_UNDECLARED_SELECTOR = YES;
				GCC_WARN_UNINITIALIZED_AUTOS = YES_AGGRESSIVE;
				GCC_WARN_UNUSED_FUNCTION = YES;
				GCC_WARN_UNUSED_VARIABLE = YES;
				IPHONEOS_DEPLOYMENT_TARGET = 15.5;
				MTL_ENABLE_DEBUG_INFO = NO;
				MTL_FAST_MATH = YES;
				SDKROOT = iphoneos;
				SWIFT_COMPILATION_MODE = wholemodule;
				SWIFT_OPTIMIZATION_LEVEL = "-O";
				VALIDATE_PRODUCT = YES;
			};
			name = Release;
		};
		D2766753295ACF3800D4276D /* Debug */ = {
			isa = XCBuildConfiguration;
			buildSettings = {
				ASSETCATALOG_COMPILER_APPICON_NAME = AppIcon;
				ASSETCATALOG_COMPILER_GLOBAL_ACCENT_COLOR_NAME = AccentColor;
				CODE_SIGN_STYLE = Automatic;
				CURRENT_PROJECT_VERSION = 1;
				GENERATE_INFOPLIST_FILE = YES;
				INFOPLIST_FILE = PlayHouse/Info.plist;
				INFOPLIST_KEY_UIApplicationSupportsIndirectInputEvents = YES;
				INFOPLIST_KEY_UILaunchStoryboardName = LaunchScreen;
				INFOPLIST_KEY_UIMainStoryboardFile = Main;
				INFOPLIST_KEY_UISupportedInterfaceOrientations_iPad = "UIInterfaceOrientationPortrait UIInterfaceOrientationPortraitUpsideDown UIInterfaceOrientationLandscapeLeft UIInterfaceOrientationLandscapeRight";
				INFOPLIST_KEY_UISupportedInterfaceOrientations_iPhone = "UIInterfaceOrientationPortrait UIInterfaceOrientationLandscapeLeft UIInterfaceOrientationLandscapeRight";
				LD_RUNPATH_SEARCH_PATHS = (
					"$(inherited)",
					"@executable_path/Frameworks",
				);
				MARKETING_VERSION = 1.0;
				PRODUCT_BUNDLE_IDENTIFIER = Yash.PlayHouse;
				PRODUCT_NAME = "$(TARGET_NAME)";
				SWIFT_EMIT_LOC_STRINGS = YES;
				SWIFT_VERSION = 5.0;
				TARGETED_DEVICE_FAMILY = "1,2";
			};
			name = Debug;
		};
		D2766754295ACF3800D4276D /* Release */ = {
			isa = XCBuildConfiguration;
			buildSettings = {
				ASSETCATALOG_COMPILER_APPICON_NAME = AppIcon;
				ASSETCATALOG_COMPILER_GLOBAL_ACCENT_COLOR_NAME = AccentColor;
				CODE_SIGN_STYLE = Automatic;
				CURRENT_PROJECT_VERSION = 1;
				GENERATE_INFOPLIST_FILE = YES;
				INFOPLIST_FILE = PlayHouse/Info.plist;
				INFOPLIST_KEY_UIApplicationSupportsIndirectInputEvents = YES;
				INFOPLIST_KEY_UILaunchStoryboardName = LaunchScreen;
				INFOPLIST_KEY_UIMainStoryboardFile = Main;
				INFOPLIST_KEY_UISupportedInterfaceOrientations_iPad = "UIInterfaceOrientationPortrait UIInterfaceOrientationPortraitUpsideDown UIInterfaceOrientationLandscapeLeft UIInterfaceOrientationLandscapeRight";
				INFOPLIST_KEY_UISupportedInterfaceOrientations_iPhone = "UIInterfaceOrientationPortrait UIInterfaceOrientationLandscapeLeft UIInterfaceOrientationLandscapeRight";
				LD_RUNPATH_SEARCH_PATHS = (
					"$(inherited)",
					"@executable_path/Frameworks",
				);
				MARKETING_VERSION = 1.0;
				PRODUCT_BUNDLE_IDENTIFIER = Yash.PlayHouse;
				PRODUCT_NAME = "$(TARGET_NAME)";
				SWIFT_EMIT_LOC_STRINGS = YES;
				SWIFT_VERSION = 5.0;
				TARGETED_DEVICE_FAMILY = "1,2";
			};
			name = Release;
		};
/* End XCBuildConfiguration section */

/* Begin XCConfigurationList section */
		D2766739295ACF3700D4276D /* Build configuration list for PBXProject "PlayHouse" */ = {
			isa = XCConfigurationList;
			buildConfigurations = (
				D2766750295ACF3800D4276D /* Debug */,
				D2766751295ACF3800D4276D /* Release */,
			);
			defaultConfigurationIsVisible = 0;
			defaultConfigurationName = Release;
		};
		D2766752295ACF3800D4276D /* Build configuration list for PBXNativeTarget "PlayHouse" */ = {
			isa = XCConfigurationList;
			buildConfigurations = (
				D2766753295ACF3800D4276D /* Debug */,
				D2766754295ACF3800D4276D /* Release */,
			);
			defaultConfigurationIsVisible = 0;
			defaultConfigurationName = Release;
		};
/* End XCConfigurationList section */
	};
	rootObject = D2766736295ACF3700D4276D /* Project object */;
}
